
Microsoft Visual Studio Solution File, Format Version 12.00
# Visual Studio Version 16
VisualStudioVersion = 16.0.30225.117
MinimumVisualStudioVersion = 10.0.40219.1
Project("{FAE04EC0-301F-11D3-BF4B-00C04F79EFBC}") = "SDMS.WebUI", "SDMS.WebUI\SDMS.WebUI.csproj", "{AEA3D4AB-A30B-4B94-B14F-F2658ADC3D22}"
EndProject
Project("{FAE04EC0-301F-11D3-BF4B-00C04F79EFBC}") = "SDMS.Domain", "SDMS.Domain\SDMS.Domain.csproj", "{938BDF9A-D773-46D0-9A77-E3C2E06DE233}"
EndProject
Global
	GlobalSection(SolutionConfigurationPlatforms) = preSolution
		Debug|Any CPU = Debug|Any CPU
		Release|Any CPU = Release|Any CPU
	EndGlobalSection
	GlobalSection(ProjectConfigurationPlatforms) = postSolution
		{AEA3D4AB-A30B-4B94-B14F-F2658ADC3D22}.Debug|Any CPU.ActiveCfg = Debug|Any CPU
		{AEA3D4AB-A30B-4B94-B14F-F2658ADC3D22}.Debug|Any CPU.Build.0 = Debug|Any CPU
		{AEA3D4AB-A30B-4B94-B14F-F2658ADC3D22}.Release|Any CPU.ActiveCfg = Release|Any CPU
		{AEA3D4AB-A30B-4B94-B14F-F2658ADC3D22}.Release|Any CPU.Build.0 = Release|Any CPU
		{938BDF9A-D773-46D0-9A77-E3C2E06DE233}.Debug|Any CPU.ActiveCfg = Debug|Any CPU
		{938BDF9A-D773-46D0-9A77-E3C2E06DE233}.Debug|Any CPU.Build.0 = Debug|Any CPU
		{938BDF9A-D773-46D0-9A77-E3C2E06DE233}.Release|Any CPU.ActiveCfg = Release|Any CPU
		{938BDF9A-D773-46D0-9A77-E3C2E06DE233}.Release|Any CPU.Build.0 = Release|Any CPU
	EndGlobalSection
	GlobalSection(SolutionProperties) = preSolution
		HideSolutionNode = FALSE
	EndGlobalSection
	GlobalSection(ExtensibilityGlobals) = postSolution
		SolutionGuid = {90BFD26C-39BD-4379-9A11-5ED82E525AA7}
	EndGlobalSection
EndGlobal
